
Microsoft Visual Studio Solution File, Format Version 12.00
# Visual Studio Version 17
VisualStudioVersion = 17.11.35219.272
MinimumVisualStudioVersion = 10.0.40219.1
Project("{FAE04EC0-301F-11D3-BF4B-00C04F79EFBC}") = "BaiTapKiemTra01", "BaiTapKiemTra01\BaiTapKiemTra01.csproj", "{CF63C079-8C25-4E1C-AA10-D8CD0B34B76C}"
EndProject
Global
	GlobalSection(SolutionConfigurationPlatforms) = preSolution
		Debug|Any CPU = Debug|Any CPU
		Release|Any CPU = Release|Any CPU
	EndGlobalSection
	GlobalSection(ProjectConfigurationPlatforms) = postSolution
		{CF63C079-8C25-4E1C-AA10-D8CD0B34B76C}.Debug|Any CPU.ActiveCfg = Debug|Any CPU
		{CF63C079-8C25-4E1C-AA10-D8CD0B34B76C}.Debug|Any CPU.Build.0 = Debug|Any CPU
		{CF63C079-8C25-4E1C-AA10-D8CD0B34B76C}.Release|Any CPU.ActiveCfg = Release|Any CPU
		{CF63C079-8C25-4E1C-AA10-D8CD0B34B76C}.Release|Any CPU.Build.0 = Release|Any CPU
	EndGlobalSection
	GlobalSection(SolutionProperties) = preSolution
		HideSolutionNode = FALSE
	EndGlobalSection
	GlobalSection(ExtensibilityGlobals) = postSolution
		SolutionGuid = {B13512BA-ABD7-4C38-BCC0-AD2E41F799DF}
	EndGlobalSection
EndGlobal
